
Microsoft Visual Studio Solution File, Format Version 12.00
# Visual Studio Version 17
VisualStudioVersion = 17.9.34728.123
MinimumVisualStudioVersion = 10.0.40219.1
Project("{FAE04EC0-301F-11D3-BF4B-00C04F79EFBC}") = "Calculadora", "Calculadora\Calculadora.csproj", "{F6B6520A-C404-42B9-BEB5-B488C0786AA4}"
EndProject
Global
	GlobalSection(SolutionConfigurationPlatforms) = preSolution
		Debug|Any CPU = Debug|Any CPU
		Release|Any CPU = Release|Any CPU
	EndGlobalSection
	GlobalSection(ProjectConfigurationPlatforms) = postSolution
		{F6B6520A-C404-42B9-BEB5-B488C0786AA4}.Debug|Any CPU.ActiveCfg = Debug|Any CPU
		{F6B6520A-C404-42B9-BEB5-B488C0786AA4}.Debug|Any CPU.Build.0 = Debug|Any CPU
		{F6B6520A-C404-42B9-BEB5-B488C0786AA4}.Release|Any CPU.ActiveCfg = Release|Any CPU
		{F6B6520A-C404-42B9-BEB5-B488C0786AA4}.Release|Any CPU.Build.0 = Release|Any CPU
	EndGlobalSection
	GlobalSection(SolutionProperties) = preSolution
		HideSolutionNode = FALSE
	EndGlobalSection
	GlobalSection(ExtensibilityGlobals) = postSolution
		SolutionGuid = {FC7A108F-AAF7-445C-BA98-67AC67675F5C}
	EndGlobalSection
EndGlobal
